
Microsoft Visual Studio Solution File, Format Version 12.00
# Visual Studio Version 17
VisualStudioVersion = 17.0.32126.317
MinimumVisualStudioVersion = 10.0.40219.1
Project("{FAE04EC0-301F-11D3-BF4B-00C04F79EFBC}") = "4. Harjoitus – iän laskeminen", "4. Harjoitus – iän laskeminen\4. Harjoitus – iän laskeminen.csproj", "{0E068B0F-AC54-4339-AEC5-5C824BB3A0DD}"
EndProject
Global
	GlobalSection(SolutionConfigurationPlatforms) = preSolution
		Debug|Any CPU = Debug|Any CPU
		Release|Any CPU = Release|Any CPU
	EndGlobalSection
	GlobalSection(ProjectConfigurationPlatforms) = postSolution
		{0E068B0F-AC54-4339-AEC5-5C824BB3A0DD}.Debug|Any CPU.ActiveCfg = Debug|Any CPU
		{0E068B0F-AC54-4339-AEC5-5C824BB3A0DD}.Debug|Any CPU.Build.0 = Debug|Any CPU
		{0E068B0F-AC54-4339-AEC5-5C824BB3A0DD}.Release|Any CPU.ActiveCfg = Release|Any CPU
		{0E068B0F-AC54-4339-AEC5-5C824BB3A0DD}.Release|Any CPU.Build.0 = Release|Any CPU
	EndGlobalSection
	GlobalSection(SolutionProperties) = preSolution
		HideSolutionNode = FALSE
	EndGlobalSection
	GlobalSection(ExtensibilityGlobals) = postSolution
		SolutionGuid = {DA5E8AFB-605C-4E21-AC7A-498EE974317B}
	EndGlobalSection
EndGlobal
