
Microsoft Visual Studio Solution File, Format Version 12.00
# Visual Studio Version 17
VisualStudioVersion = 17.0.32126.317
MinimumVisualStudioVersion = 10.0.40219.1
Project("{FAE04EC0-301F-11D3-BF4B-00C04F79EFBC}") = "2 Harjoitus", "2 Harjoitus\2 Harjoitus.csproj", "{58615137-00FB-4363-AA97-14ED94E8FED7}"
EndProject
Global
	GlobalSection(SolutionConfigurationPlatforms) = preSolution
		Debug|Any CPU = Debug|Any CPU
		Release|Any CPU = Release|Any CPU
	EndGlobalSection
	GlobalSection(ProjectConfigurationPlatforms) = postSolution
		{58615137-00FB-4363-AA97-14ED94E8FED7}.Debug|Any CPU.ActiveCfg = Debug|Any CPU
		{58615137-00FB-4363-AA97-14ED94E8FED7}.Debug|Any CPU.Build.0 = Debug|Any CPU
		{58615137-00FB-4363-AA97-14ED94E8FED7}.Release|Any CPU.ActiveCfg = Release|Any CPU
		{58615137-00FB-4363-AA97-14ED94E8FED7}.Release|Any CPU.Build.0 = Release|Any CPU
	EndGlobalSection
	GlobalSection(SolutionProperties) = preSolution
		HideSolutionNode = FALSE
	EndGlobalSection
	GlobalSection(ExtensibilityGlobals) = postSolution
		SolutionGuid = {071B64F3-D417-4C16-A1FE-32DF5D63D882}
	EndGlobalSection
EndGlobal
