
Microsoft Visual Studio Solution File, Format Version 12.00
# Visual Studio Version 17
VisualStudioVersion = 17.0.32126.317
MinimumVisualStudioVersion = 10.0.40219.1
Project("{FAE04EC0-301F-11D3-BF4B-00C04F79EFBC}") = "3 harjoitus", "3 harjoitus\3 harjoitus.csproj", "{57428EA8-0F62-421A-A921-0DD4E744AFA5}"
EndProject
Global
	GlobalSection(SolutionConfigurationPlatforms) = preSolution
		Debug|Any CPU = Debug|Any CPU
		Release|Any CPU = Release|Any CPU
	EndGlobalSection
	GlobalSection(ProjectConfigurationPlatforms) = postSolution
		{57428EA8-0F62-421A-A921-0DD4E744AFA5}.Debug|Any CPU.ActiveCfg = Debug|Any CPU
		{57428EA8-0F62-421A-A921-0DD4E744AFA5}.Debug|Any CPU.Build.0 = Debug|Any CPU
		{57428EA8-0F62-421A-A921-0DD4E744AFA5}.Release|Any CPU.ActiveCfg = Release|Any CPU
		{57428EA8-0F62-421A-A921-0DD4E744AFA5}.Release|Any CPU.Build.0 = Release|Any CPU
	EndGlobalSection
	GlobalSection(SolutionProperties) = preSolution
		HideSolutionNode = FALSE
	EndGlobalSection
	GlobalSection(ExtensibilityGlobals) = postSolution
		SolutionGuid = {1E35B72F-4D03-4C5C-BDE7-30995E24D74B}
	EndGlobalSection
EndGlobal
